
Microsoft Visual Studio Solution File, Format Version 12.00
# Visual Studio Version 17
VisualStudioVersion = 17.8.34330.188
MinimumVisualStudioVersion = 10.0.40219.1
Project("{FAE04EC0-301F-11D3-BF4B-00C04F79EFBC}") = "Cuckoo", "Cuckoo\Cuckoo.csproj", "{D2D8ABC3-AB04-4D54-91EC-3114A2E2ED88}"
EndProject
Global
	GlobalSection(SolutionConfigurationPlatforms) = preSolution
		Debug|Any CPU = Debug|Any CPU
		Release|Any CPU = Release|Any CPU
	EndGlobalSection
	GlobalSection(ProjectConfigurationPlatforms) = postSolution
		{D2D8ABC3-AB04-4D54-91EC-3114A2E2ED88}.Debug|Any CPU.ActiveCfg = Debug|Any CPU
		{D2D8ABC3-AB04-4D54-91EC-3114A2E2ED88}.Debug|Any CPU.Build.0 = Debug|Any CPU
		{D2D8ABC3-AB04-4D54-91EC-3114A2E2ED88}.Release|Any CPU.ActiveCfg = Release|Any CPU
		{D2D8ABC3-AB04-4D54-91EC-3114A2E2ED88}.Release|Any CPU.Build.0 = Release|Any CPU
	EndGlobalSection
	GlobalSection(SolutionProperties) = preSolution
		HideSolutionNode = FALSE
	EndGlobalSection
	GlobalSection(ExtensibilityGlobals) = postSolution
		SolutionGuid = {1FF8463D-6668-4DCA-A263-FE144D846599}
	EndGlobalSection
EndGlobal
